// !$*UTF8*$!
{
	archiveVersion = 1;
	classes = {
	};
	objectVersion = 46;
	objects = {

/* Begin PBXBuildFile section */
		D0AA6927152FA73E0076DED1 /* UIKit.framework in Frameworks */ = {isa = PBXBuildFile; fileRef = D0AA6926152FA73E0076DED1 /* UIKit.framework */; };
		D0AA6929152FA73E0076DED1 /* Foundation.framework in Frameworks */ = {isa = PBXBuildFile; fileRef = D0AA6928152FA73E0076DED1 /* Foundation.framework */; };
		D0AA692B152FA73E0076DED1 /* CoreGraphics.framework in Frameworks */ = {isa = PBXBuildFile; fileRef = D0AA692A152FA73E0076DED1 /* CoreGraphics.framework */; };
		D0AA6931152FA73E0076DED1 /* InfoPlist.strings in Resources */ = {isa = PBXBuildFile; fileRef = D0AA692F152FA73E0076DED1 /* InfoPlist.strings */; };
		D0AA6933152FA73F0076DED1 /* main.m in Sources */ = {isa = PBXBuildFile; fileRef = D0AA6932152FA73F0076DED1 /* main.m */; };
		D0AA6937152FA73F0076DED1 /* SGAppDelegate.m in Sources */ = {isa = PBXBuildFile; fileRef = D0AA6936152FA73F0076DED1 /* SGAppDelegate.m */; };
		D0AA693A152FA73F0076DED1 /* MainStoryboard.storyboard in Resources */ = {isa = PBXBuildFile; fileRef = D0AA6938152FA73F0076DED1 /* MainStoryboard.storyboard */; };
		D0AA693D152FA73F0076DED1 /* SGViewController.m in Sources */ = {isa = PBXBuildFile; fileRef = D0AA693C152FA73F0076DED1 /* SGViewController.m */; };
		D0AA6945152FA73F0076DED1 /* SenTestingKit.framework in Frameworks */ = {isa = PBXBuildFile; fileRef = D0AA6944152FA73F0076DED1 /* SenTestingKit.framework */; };
		D0AA6946152FA73F0076DED1 /* UIKit.framework in Frameworks */ = {isa = PBXBuildFile; fileRef = D0AA6926152FA73E0076DED1 /* UIKit.framework */; };
		D0AA6947152FA73F0076DED1 /* Foundation.framework in Frameworks */ = {isa = PBXBuildFile; fileRef = D0AA6928152FA73E0076DED1 /* Foundation.framework */; };
		D0AA694F152FA73F0076DED1 /* InfoPlist.strings in Resources */ = {isa = PBXBuildFile; fileRef = D0AA694D152FA73F0076DED1 /* InfoPlist.strings */; };
		D0AA6952152FA73F0076DED1 /* SGKeychainExampleTests.m in Sources */ = {isa = PBXBuildFile; fileRef = D0AA6951152FA73F0076DED1 /* SGKeychainExampleTests.m */; };
		D0AA6963152FA76F0076DED1 /* SGKeychain.m in Sources */ = {isa = PBXBuildFile; fileRef = D0AA6962152FA76F0076DED1 /* SGKeychain.m */; };
		D0AA6964152FA76F0076DED1 /* SGKeychain.m in Sources */ = {isa = PBXBuildFile; fileRef = D0AA6962152FA76F0076DED1 /* SGKeychain.m */; };
		D0AA6967152FAA1C0076DED1 /* Security.framework in Frameworks */ = {isa = PBXBuildFile; fileRef = D0AA6966152FAA1C0076DED1 /* Security.framework */; };
		D0AA6968152FAA200076DED1 /* Security.framework in Frameworks */ = {isa = PBXBuildFile; fileRef = D0AA6966152FAA1C0076DED1 /* Security.framework */; };
/* End PBXBuildFile section */

/* Begin PBXContainerItemProxy section */
		D0AA6948152FA73F0076DED1 /* PBXContainerItemProxy */ = {
			isa = PBXContainerItemProxy;
			containerPortal = D0AA6919152FA73E0076DED1 /* Project object */;
			proxyType = 1;
			remoteGlobalIDString = D0AA6921152FA73E0076DED1;
			remoteInfo = SGKeychainExample;
		};
/* End PBXContainerItemProxy section */

/* Begin PBXFileReference section */
		D0AA6922152FA73E0076DED1 /* SGKeychainExample.app */ = {isa = PBXFileReference; explicitFileType = wrapper.application; includeInIndex = 0; path = SGKeychainExample.app; sourceTree = BUILT_PRODUCTS_DIR; };
		D0AA6926152FA73E0076DED1 /* UIKit.framework */ = {isa = PBXFileReference; lastKnownFileType = wrapper.framework; name = UIKit.framework; path = System/Library/Frameworks/UIKit.framework; sourceTree = SDKROOT; };
		D0AA6928152FA73E0076DED1 /* Foundation.framework */ = {isa = PBXFileReference; lastKnownFileType = wrapper.framework; name = Foundation.framework; path = System/Library/Frameworks/Foundation.framework; sourceTree = SDKROOT; };
		D0AA692A152FA73E0076DED1 /* CoreGraphics.framework */ = {isa = PBXFileReference; lastKnownFileType = wrapper.framework; name = CoreGraphics.framework; path = System/Library/Frameworks/CoreGraphics.framework; sourceTree = SDKROOT; };
		D0AA692E152FA73E0076DED1 /* SGKeychainExample-Info.plist */ = {isa = PBXFileReference; lastKnownFileType = text.plist.xml; path = "SGKeychainExample-Info.plist"; sourceTree = "<group>"; };
		D0AA6930152FA73E0076DED1 /* en */ = {isa = PBXFileReference; lastKnownFileType = text.plist.strings; name = en; path = en.lproj/InfoPlist.strings; sourceTree = "<group>"; };
		D0AA6932152FA73F0076DED1 /* main.m */ = {isa = PBXFileReference; lastKnownFileType = sourcecode.c.objc; path = main.m; sourceTree = "<group>"; };
		D0AA6934152FA73F0076DED1 /* SGKeychainExample-Prefix.pch */ = {isa = PBXFileReference; lastKnownFileType = sourcecode.c.h; path = "SGKeychainExample-Prefix.pch"; sourceTree = "<group>"; };
		D0AA6935152FA73F0076DED1 /* SGAppDelegate.h */ = {isa = PBXFileReference; lastKnownFileType = sourcecode.c.h; path = SGAppDelegate.h; sourceTree = "<group>"; };
		D0AA6936152FA73F0076DED1 /* SGAppDelegate.m */ = {isa = PBXFileReference; lastKnownFileType = sourcecode.c.objc; path = SGAppDelegate.m; sourceTree = "<group>"; };
		D0AA6939152FA73F0076DED1 /* en */ = {isa = PBXFileReference; lastKnownFileType = file.storyboard; name = en; path = en.lproj/MainStoryboard.storyboard; sourceTree = "<group>"; };
		D0AA693B152FA73F0076DED1 /* SGViewController.h */ = {isa = PBXFileReference; lastKnownFileType = sourcecode.c.h; path = SGViewController.h; sourceTree = "<group>"; };
		D0AA693C152FA73F0076DED1 /* SGViewController.m */ = {isa = PBXFileReference; lastKnownFileType = sourcecode.c.objc; path = SGViewController.m; sourceTree = "<group>"; };
		D0AA6943152FA73F0076DED1 /* SGKeychainExampleTests.octest */ = {isa = PBXFileReference; explicitFileType = wrapper.cfbundle; includeInIndex = 0; path = SGKeychainExampleTests.octest; sourceTree = BUILT_PRODUCTS_DIR; };
		D0AA6944152FA73F0076DED1 /* SenTestingKit.framework */ = {isa = PBXFileReference; lastKnownFileType = wrapper.framework; name = SenTestingKit.framework; path = Library/Frameworks/SenTestingKit.framework; sourceTree = DEVELOPER_DIR; };
		D0AA694C152FA73F0076DED1 /* SGKeychainExampleTests-Info.plist */ = {isa = PBXFileReference; lastKnownFileType = text.plist.xml; path = "SGKeychainExampleTests-Info.plist"; sourceTree = "<group>"; };
		D0AA694E152FA73F0076DED1 /* en */ = {isa = PBXFileReference; lastKnownFileType = text.plist.strings; name = en; path = en.lproj/InfoPlist.strings; sourceTree = "<group>"; };
		D0AA6950152FA73F0076DED1 /* SGKeychainExampleTests.h */ = {isa = PBXFileReference; lastKnownFileType = sourcecode.c.h; path = SGKeychainExampleTests.h; sourceTree = "<group>"; };
		D0AA6951152FA73F0076DED1 /* SGKeychainExampleTests.m */ = {isa = PBXFileReference; lastKnownFileType = sourcecode.c.objc; path = SGKeychainExampleTests.m; sourceTree = "<group>"; };
		D0AA6961152FA76F0076DED1 /* SGKeychain.h */ = {isa = PBXFileReference; fileEncoding = 4; lastKnownFileType = sourcecode.c.h; name = SGKeychain.h; path = ../SGKeychain.h; sourceTree = "<group>"; };
		D0AA6962152FA76F0076DED1 /* SGKeychain.m */ = {isa = PBXFileReference; fileEncoding = 4; lastKnownFileType = sourcecode.c.objc; name = SGKeychain.m; path = ../SGKeychain.m; sourceTree = "<group>"; };
		D0AA6966152FAA1C0076DED1 /* Security.framework */ = {isa = PBXFileReference; lastKnownFileType = wrapper.framework; name = Security.framework; path = System/Library/Frameworks/Security.framework; sourceTree = SDKROOT; };
/* End PBXFileReference section */

/* Begin PBXFrameworksBuildPhase section */
		D0AA691F152FA73E0076DED1 /* Frameworks */ = {
			isa = PBXFrameworksBuildPhase;
			buildActionMask = 2147483647;
			files = (
				D0AA6927152FA73E0076DED1 /* UIKit.framework in Frameworks */,
				D0AA6929152FA73E0076DED1 /* Foundation.framework in Frameworks */,
				D0AA692B152FA73E0076DED1 /* CoreGraphics.framework in Frameworks */,
				D0AA6968152FAA200076DED1 /* Security.framework in Frameworks */,
			);
			runOnlyForDeploymentPostprocessing = 0;
		};
		D0AA693F152FA73F0076DED1 /* Frameworks */ = {
			isa = PBXFrameworksBuildPhase;
			buildActionMask = 2147483647;
			files = (
				D0AA6967152FAA1C0076DED1 /* Security.framework in Frameworks */,
				D0AA6945152FA73F0076DED1 /* SenTestingKit.framework in Frameworks */,
				D0AA6946152FA73F0076DED1 /* UIKit.framework in Frameworks */,
				D0AA6947152FA73F0076DED1 /* Foundation.framework in Frameworks */,
			);
			runOnlyForDeploymentPostprocessing = 0;
		};
/* End PBXFrameworksBuildPhase section */

/* Begin PBXGroup section */
		D0AA6917152FA73E0076DED1 = {
			isa = PBXGroup;
			children = (
				D0AA6961152FA76F0076DED1 /* SGKeychain.h */,
				D0AA6962152FA76F0076DED1 /* SGKeychain.m */,
				D0AA692C152FA73E0076DED1 /* SGKeychainExample */,
				D0AA694A152FA73F0076DED1 /* SGKeychainExampleTests */,
				D0AA6925152FA73E0076DED1 /* Frameworks */,
				D0AA6923152FA73E0076DED1 /* Products */,
			);
			sourceTree = "<group>";
		};
		D0AA6923152FA73E0076DED1 /* Products */ = {
			isa = PBXGroup;
			children = (
				D0AA6922152FA73E0076DED1 /* SGKeychainExample.app */,
				D0AA6943152FA73F0076DED1 /* SGKeychainExampleTests.octest */,
			);
			name = Products;
			sourceTree = "<group>";
		};
		D0AA6925152FA73E0076DED1 /* Frameworks */ = {
			isa = PBXGroup;
			children = (
				D0AA6966152FAA1C0076DED1 /* Security.framework */,
				D0AA6926152FA73E0076DED1 /* UIKit.framework */,
				D0AA6928152FA73E0076DED1 /* Foundation.framework */,
				D0AA692A152FA73E0076DED1 /* CoreGraphics.framework */,
				D0AA6944152FA73F0076DED1 /* SenTestingKit.framework */,
			);
			name = Frameworks;
			sourceTree = "<group>";
		};
		D0AA692C152FA73E0076DED1 /* SGKeychainExample */ = {
			isa = PBXGroup;
			children = (
				D0AA6935152FA73F0076DED1 /* SGAppDelegate.h */,
				D0AA6936152FA73F0076DED1 /* SGAppDelegate.m */,
				D0AA6938152FA73F0076DED1 /* MainStoryboard.storyboard */,
				D0AA693B152FA73F0076DED1 /* SGViewController.h */,
				D0AA693C152FA73F0076DED1 /* SGViewController.m */,
				D0AA692D152FA73E0076DED1 /* Supporting Files */,
			);
			path = SGKeychainExample;
			sourceTree = "<group>";
		};
		D0AA692D152FA73E0076DED1 /* Supporting Files */ = {
			isa = PBXGroup;
			children = (
				D0AA692E152FA73E0076DED1 /* SGKeychainExample-Info.plist */,
				D0AA692F152FA73E0076DED1 /* InfoPlist.strings */,
				D0AA6932152FA73F0076DED1 /* main.m */,
				D0AA6934152FA73F0076DED1 /* SGKeychainExample-Prefix.pch */,
			);
			name = "Supporting Files";
			sourceTree = "<group>";
		};
		D0AA694A152FA73F0076DED1 /* SGKeychainExampleTests */ = {
			isa = PBXGroup;
			children = (
				D0AA6950152FA73F0076DED1 /* SGKeychainExampleTests.h */,
				D0AA6951152FA73F0076DED1 /* SGKeychainExampleTests.m */,
				D0AA694B152FA73F0076DED1 /* Supporting Files */,
			);
			path = SGKeychainExampleTests;
			sourceTree = "<group>";
		};
		D0AA694B152FA73F0076DED1 /* Supporting Files */ = {
			isa = PBXGroup;
			children = (
				D0AA694C152FA73F0076DED1 /* SGKeychainExampleTests-Info.plist */,
				D0AA694D152FA73F0076DED1 /* InfoPlist.strings */,
			);
			name = "Supporting Files";
			sourceTree = "<group>";
		};
/* End PBXGroup section */

/* Begin PBXNativeTarget section */
		D0AA6921152FA73E0076DED1 /* SGKeychainExample */ = {
			isa = PBXNativeTarget;
			buildConfigurationList = D0AA6955152FA73F0076DED1 /* Build configuration list for PBXNativeTarget "SGKeychainExample" */;
			buildPhases = (
				D0AA691E152FA73E0076DED1 /* Sources */,
				D0AA691F152FA73E0076DED1 /* Frameworks */,
				D0AA6920152FA73E0076DED1 /* Resources */,
			);
			buildRules = (
			);
			dependencies = (
			);
			name = SGKeychainExample;
			productName = SGKeychainExample;
			productReference = D0AA6922152FA73E0076DED1 /* SGKeychainExample.app */;
			productType = "com.apple.product-type.application";
		};
		D0AA6942152FA73F0076DED1 /* SGKeychainExampleTests */ = {
			isa = PBXNativeTarget;
			buildConfigurationList = D0AA6958152FA73F0076DED1 /* Build configuration list for PBXNativeTarget "SGKeychainExampleTests" */;
			buildPhases = (
				D0AA693E152FA73F0076DED1 /* Sources */,
				D0AA693F152FA73F0076DED1 /* Frameworks */,
				D0AA6940152FA73F0076DED1 /* Resources */,
				D0AA6941152FA73F0076DED1 /* ShellScript */,
			);
			buildRules = (
			);
			dependencies = (
				D0AA6949152FA73F0076DED1 /* PBXTargetDependency */,
			);
			name = SGKeychainExampleTests;
			productName = SGKeychainExampleTests;
			productReference = D0AA6943152FA73F0076DED1 /* SGKeychainExampleTests.octest */;
			productType = "com.apple.product-type.bundle";
		};
/* End PBXNativeTarget section */

/* Begin PBXProject section */
		D0AA6919152FA73E0076DED1 /* Project object */ = {
			isa = PBXProject;
			attributes = {
				CLASSPREFIX = SG;
				LastUpgradeCheck = 0430;
				ORGANIZATIONNAME = "Second Gear";
			};
			buildConfigurationList = D0AA691C152FA73E0076DED1 /* Build configuration list for PBXProject "SGKeychainExample" */;
			compatibilityVersion = "Xcode 3.2";
			developmentRegion = English;
			hasScannedForEncodings = 0;
			knownRegions = (
				en,
			);
			mainGroup = D0AA6917152FA73E0076DED1;
			productRefGroup = D0AA6923152FA73E0076DED1 /* Products */;
			projectDirPath = "";
			projectRoot = "";
			targets = (
				D0AA6921152FA73E0076DED1 /* SGKeychainExample */,
				D0AA6942152FA73F0076DED1 /* SGKeychainExampleTests */,
			);
		};
/* End PBXProject section */

/* Begin PBXResourcesBuildPhase section */
		D0AA6920152FA73E0076DED1 /* Resources */ = {
			isa = PBXResourcesBuildPhase;
			buildActionMask = 2147483647;
			files = (
				D0AA6931152FA73E0076DED1 /* InfoPlist.strings in Resources */,
				D0AA693A152FA73F0076DED1 /* MainStoryboard.storyboard in Resources */,
			);
			runOnlyForDeploymentPostprocessing = 0;
		};
		D0AA6940152FA73F0076DED1 /* Resources */ = {
			isa = PBXResourcesBuildPhase;
			buildActionMask = 2147483647;
			files = (
				D0AA694F152FA73F0076DED1 /* InfoPlist.strings in Resources */,
			);
			runOnlyForDeploymentPostprocessing = 0;
		};
/* End PBXResourcesBuildPhase section */

/* Begin PBXShellScriptBuildPhase section */
		D0AA6941152FA73F0076DED1 /* ShellScript */ = {
			isa = PBXShellScriptBuildPhase;
			buildActionMask = 2147483647;
			files = (
			);
			inputPaths = (
			);
			outputPaths = (
			);
			runOnlyForDeploymentPostprocessing = 0;
			shellPath = /bin/sh;
			shellScript = "# Run the unit tests in this test bundle.\n\"${SYSTEM_DEVELOPER_DIR}/Tools/RunUnitTests\"\n";
		};
/* End PBXShellScriptBuildPhase section */

/* Begin PBXSourcesBuildPhase section */
		D0AA691E152FA73E0076DED1 /* Sources */ = {
			isa = PBXSourcesBuildPhase;
			buildActionMask = 2147483647;
			files = (
				D0AA6933152FA73F0076DED1 /* main.m in Sources */,
				D0AA6937152FA73F0076DED1 /* SGAppDelegate.m in Sources */,
				D0AA693D152FA73F0076DED1 /* SGViewController.m in Sources */,
				D0AA6963152FA76F0076DED1 /* SGKeychain.m in Sources */,
			);
			runOnlyForDeploymentPostprocessing = 0;
		};
		D0AA693E152FA73F0076DED1 /* Sources */ = {
			isa = PBXSourcesBuildPhase;
			buildActionMask = 2147483647;
			files = (
				D0AA6952152FA73F0076DED1 /* SGKeychainExampleTests.m in Sources */,
				D0AA6964152FA76F0076DED1 /* SGKeychain.m in Sources */,
			);
			runOnlyForDeploymentPostprocessing = 0;
		};
/* End PBXSourcesBuildPhase section */

/* Begin PBXTargetDependency section */
		D0AA6949152FA73F0076DED1 /* PBXTargetDependency */ = {
			isa = PBXTargetDependency;
			target = D0AA6921152FA73E0076DED1 /* SGKeychainExample */;
			targetProxy = D0AA6948152FA73F0076DED1 /* PBXContainerItemProxy */;
		};
/* End PBXTargetDependency section */

/* Begin PBXVariantGroup section */
		D0AA692F152FA73E0076DED1 /* InfoPlist.strings */ = {
			isa = PBXVariantGroup;
			children = (
				D0AA6930152FA73E0076DED1 /* en */,
			);
			name = InfoPlist.strings;
			sourceTree = "<group>";
		};
		D0AA6938152FA73F0076DED1 /* MainStoryboard.storyboard */ = {
			isa = PBXVariantGroup;
			children = (
				D0AA6939152FA73F0076DED1 /* en */,
			);
			name = MainStoryboard.storyboard;
			sourceTree = "<group>";
		};
		D0AA694D152FA73F0076DED1 /* InfoPlist.strings */ = {
			isa = PBXVariantGroup;
			children = (
				D0AA694E152FA73F0076DED1 /* en */,
			);
			name = InfoPlist.strings;
			sourceTree = "<group>";
		};
/* End PBXVariantGroup section */

/* Begin XCBuildConfiguration section */
		D0AA6953152FA73F0076DED1 /* Debug */ = {
			isa = XCBuildConfiguration;
			buildSettings = {
				ALWAYS_SEARCH_USER_PATHS = NO;
				ARCHS = "$(ARCHS_STANDARD_32_BIT)";
				CLANG_ENABLE_OBJC_ARC = YES;
				"CODE_SIGN_IDENTITY[sdk=iphoneos*]" = "iPhone Developer";
				COPY_PHASE_STRIP = NO;
				GCC_C_LANGUAGE_STANDARD = gnu99;
				GCC_DYNAMIC_NO_PIC = NO;
				GCC_OPTIMIZATION_LEVEL = 0;
				GCC_PREPROCESSOR_DEFINITIONS = (
					"DEBUG=1",
					"$(inherited)",
				);
				GCC_SYMBOLS_PRIVATE_EXTERN = NO;
				GCC_VERSION = com.apple.compilers.llvm.clang.1_0;
				GCC_WARN_ABOUT_RETURN_TYPE = YES;
				GCC_WARN_UNINITIALIZED_AUTOS = YES;
				GCC_WARN_UNUSED_VARIABLE = YES;
				IPHONEOS_DEPLOYMENT_TARGET = 5.1;
				SDKROOT = iphoneos;
			};
			name = Debug;
		};
		D0AA6954152FA73F0076DED1 /* Release */ = {
			isa = XCBuildConfiguration;
			buildSettings = {
				ALWAYS_SEARCH_USER_PATHS = NO;
				ARCHS = "$(ARCHS_STANDARD_32_BIT)";
				CLANG_ENABLE_OBJC_ARC = YES;
				"CODE_SIGN_IDENTITY[sdk=iphoneos*]" = "iPhone Developer";
				COPY_PHASE_STRIP = YES;
				GCC_C_LANGUAGE_STANDARD = gnu99;
				GCC_VERSION = com.apple.compilers.llvm.clang.1_0;
				GCC_WARN_ABOUT_RETURN_TYPE = YES;
				GCC_WARN_UNINITIALIZED_AUTOS = YES;
				GCC_WARN_UNUSED_VARIABLE = YES;
				IPHONEOS_DEPLOYMENT_TARGET = 5.1;
				OTHER_CFLAGS = "-DNS_BLOCK_ASSERTIONS=1";
				SDKROOT = iphoneos;
				VALIDATE_PRODUCT = YES;
			};
			name = Release;
		};
		D0AA6956152FA73F0076DED1 /* Debug */ = {
			isa = XCBuildConfiguration;
			buildSettings = {
				"CODE_SIGN_IDENTITY[sdk=iphoneos*]" = "iPhone Developer: Justin Williams (Z96PC63GR8)";
				GCC_PRECOMPILE_PREFIX_HEADER = YES;
				GCC_PREFIX_HEADER = "SGKeychainExample/SGKeychainExample-Prefix.pch";
				INFOPLIST_FILE = "SGKeychainExample/SGKeychainExample-Info.plist";
				PRODUCT_NAME = "$(TARGET_NAME)";
				"PROVISIONING_PROFILE[sdk=iphoneos*]" = "17B1EE22-0384-47EC-A07F-C79146A537E1";
				WRAPPER_EXTENSION = app;
			};
			name = Debug;
		};
		D0AA6957152FA73F0076DED1 /* Release */ = {
			isa = XCBuildConfiguration;
			buildSettings = {
				GCC_PRECOMPILE_PREFIX_HEADER = YES;
				GCC_PREFIX_HEADER = "SGKeychainExample/SGKeychainExample-Prefix.pch";
				INFOPLIST_FILE = "SGKeychainExample/SGKeychainExample-Info.plist";
				PRODUCT_NAME = "$(TARGET_NAME)";
				WRAPPER_EXTENSION = app;
			};
			name = Release;
		};
		D0AA6959152FA73F0076DED1 /* Debug */ = {
			isa = XCBuildConfiguration;
			buildSettings = {
				BUNDLE_LOADER = "$(BUILT_PRODUCTS_DIR)/SGKeychainExample.app/SGKeychainExample";
				CODE_SIGN_ENTITLEMENTS = SGKeychainExample/SGKeychainExample.entitlements;
				FRAMEWORK_SEARCH_PATHS = (
					"$(SDKROOT)/Developer/Library/Frameworks",
					"$(DEVELOPER_LIBRARY_DIR)/Frameworks",
				);
				GCC_PRECOMPILE_PREFIX_HEADER = YES;
				GCC_PREFIX_HEADER = "SGKeychainExample/SGKeychainExample-Prefix.pch";
				INFOPLIST_FILE = "SGKeychainExampleTests/SGKeychainExampleTests-Info.plist";
				PRODUCT_NAME = "$(TARGET_NAME)";
				TEST_HOST = "$(BUNDLE_LOADER)";
				WRAPPER_EXTENSION = octest;
			};
			name = Debug;
		};
		D0AA695A152FA73F0076DED1 /* Release */ = {
			isa = XCBuildConfiguration;
			buildSettings = {
				BUNDLE_LOADER = "$(BUILT_PRODUCTS_DIR)/SGKeychainExample.app/SGKeychainExample";
				CODE_SIGN_ENTITLEMENTS = SGKeychainExample/SGKeychainExample.entitlements;
				FRAMEWORK_SEARCH_PATHS = (
					"$(SDKROOT)/Developer/Library/Frameworks",
					"$(DEVELOPER_LIBRARY_DIR)/Frameworks",
				);
				GCC_PRECOMPILE_PREFIX_HEADER = YES;
				GCC_PREFIX_HEADER = "SGKeychainExample/SGKeychainExample-Prefix.pch";
				INFOPLIST_FILE = "SGKeychainExampleTests/SGKeychainExampleTests-Info.plist";
				PRODUCT_NAME = "$(TARGET_NAME)";
				TEST_HOST = "$(BUNDLE_LOADER)";
				WRAPPER_EXTENSION = octest;
			};
			name = Release;
		};
/* End XCBuildConfiguration section */

/* Begin XCConfigurationList section */
		D0AA691C152FA73E0076DED1 /* Build configuration list for PBXProject "SGKeychainExample" */ = {
			isa = XCConfigurationList;
			buildConfigurations = (
				D0AA6953152FA73F0076DED1 /* Debug */,
				D0AA6954152FA73F0076DED1 /* Release */,
			);
			defaultConfigurationIsVisible = 0;
			defaultConfigurationName = Release;
		};
		D0AA6955152FA73F0076DED1 /* Build configuration list for PBXNativeTarget "SGKeychainExample" */ = {
			isa = XCConfigurationList;
			buildConfigurations = (
				D0AA6956152FA73F0076DED1 /* Debug */,
				D0AA6957152FA73F0076DED1 /* Release */,
			);
			defaultConfigurationIsVisible = 0;
			defaultConfigurationName = Release;
		};
		D0AA6958152FA73F0076DED1 /* Build configuration list for PBXNativeTarget "SGKeychainExampleTests" */ = {
			isa = XCConfigurationList;
			buildConfigurations = (
				D0AA6959152FA73F0076DED1 /* Debug */,
				D0AA695A152FA73F0076DED1 /* Release */,
			);
			defaultConfigurationIsVisible = 0;
			defaultConfigurationName = Release;
		};
/* End XCConfigurationList section */
	};
	rootObject = D0AA6919152FA73E0076DED1 /* Project object */;
}
